
Microsoft Visual Studio Solution File, Format Version 12.00
# Visual Studio Version 16
VisualStudioVersion = 16.0.29509.3
MinimumVisualStudioVersion = 10.0.40219.1
Project("{9A19103F-16F7-4668-BE54-9A1E7A4F7556}") = "BolaoShow.Bussiness", "src\BolaoShow.Bussiness\BolaoShow.Bussiness.csproj", "{78D6B501-065C-4B58-BF09-E109F739D9BD}"
EndProject
Project("{9A19103F-16F7-4668-BE54-9A1E7A4F7556}") = "BolaoShow.Data", "src\BolaoShow.Data\BolaoShow.Data.csproj", "{E220C32C-3F0F-4732-B2D8-20EBB14486B0}"
EndProject
Project("{9A19103F-16F7-4668-BE54-9A1E7A4F7556}") = "BolaoShow.Api", "src\BolaoShow.Api\BolaoShow.Api.csproj", "{BFAB8109-917A-4695-B3AA-6FA1A1E2B994}"
EndProject
Project("{E53339B2-1760-4266-BCC7-CA923CBCF16C}") = "docker-compose", "docker-compose.dcproj", "{A3F51DB5-08D4-4091-AEB6-9F990E1AAE86}"
EndProject
Global
	GlobalSection(SolutionConfigurationPlatforms) = preSolution
		Debug|Any CPU = Debug|Any CPU
		Release|Any CPU = Release|Any CPU
	EndGlobalSection
	GlobalSection(ProjectConfigurationPlatforms) = postSolution
		{78D6B501-065C-4B58-BF09-E109F739D9BD}.Debug|Any CPU.ActiveCfg = Debug|Any CPU
		{78D6B501-065C-4B58-BF09-E109F739D9BD}.Debug|Any CPU.Build.0 = Debug|Any CPU
		{78D6B501-065C-4B58-BF09-E109F739D9BD}.Release|Any CPU.ActiveCfg = Release|Any CPU
		{78D6B501-065C-4B58-BF09-E109F739D9BD}.Release|Any CPU.Build.0 = Release|Any CPU
		{E220C32C-3F0F-4732-B2D8-20EBB14486B0}.Debug|Any CPU.ActiveCfg = Debug|Any CPU
		{E220C32C-3F0F-4732-B2D8-20EBB14486B0}.Debug|Any CPU.Build.0 = Debug|Any CPU
		{E220C32C-3F0F-4732-B2D8-20EBB14486B0}.Release|Any CPU.ActiveCfg = Release|Any CPU
		{E220C32C-3F0F-4732-B2D8-20EBB14486B0}.Release|Any CPU.Build.0 = Release|Any CPU
		{BFAB8109-917A-4695-B3AA-6FA1A1E2B994}.Debug|Any CPU.ActiveCfg = Debug|Any CPU
		{BFAB8109-917A-4695-B3AA-6FA1A1E2B994}.Debug|Any CPU.Build.0 = Debug|Any CPU
		{BFAB8109-917A-4695-B3AA-6FA1A1E2B994}.Release|Any CPU.ActiveCfg = Release|Any CPU
		{BFAB8109-917A-4695-B3AA-6FA1A1E2B994}.Release|Any CPU.Build.0 = Release|Any CPU
		{A3F51DB5-08D4-4091-AEB6-9F990E1AAE86}.Debug|Any CPU.ActiveCfg = Debug|Any CPU
		{A3F51DB5-08D4-4091-AEB6-9F990E1AAE86}.Debug|Any CPU.Build.0 = Debug|Any CPU
		{A3F51DB5-08D4-4091-AEB6-9F990E1AAE86}.Release|Any CPU.ActiveCfg = Release|Any CPU
		{A3F51DB5-08D4-4091-AEB6-9F990E1AAE86}.Release|Any CPU.Build.0 = Release|Any CPU
	EndGlobalSection
	GlobalSection(SolutionProperties) = preSolution
		HideSolutionNode = FALSE
	EndGlobalSection
	GlobalSection(ExtensibilityGlobals) = postSolution
		SolutionGuid = {27EAF148-4A9E-4378-B59B-84DE0371700D}
	EndGlobalSection
EndGlobal
